{
  "requires": true,
  "lockfileVersion": 1,
  "dependencies": {
    "devicon": {
      "version": "2.10.1",
      "resolved": "https://registry.npmjs.org/devicon/-/devicon-2.10.1.tgz",
      "integrity": "sha512-9W2Vy8BVN+MWLvrMKPtL0EgEMiYDx5gu69/HFuXiEe+tm0QhGzx7rWKlakH8RWHtQ4tzK7+AUFs9OkKko+wh3w=="
    }
  }
}
